
Microsoft Visual Studio Solution File, Format Version 12.00
# Visual Studio Version 17
VisualStudioVersion = 17.1.32210.238
MinimumVisualStudioVersion = 10.0.40219.1
Project("{FAE04EC0-301F-11D3-BF4B-00C04F79EFBC}") = "PhaseCheckCorrector", "PhaseCheckCorrector\PhaseCheckCorrector.csproj", "{9F78AAF7-27E3-4A1C-AFDA-8B2F3D19FCB2}"
EndProject
Global
	GlobalSection(SolutionConfigurationPlatforms) = preSolution
		Debug|Any CPU = Debug|Any CPU
		Release|Any CPU = Release|Any CPU
	EndGlobalSection
	GlobalSection(ProjectConfigurationPlatforms) = postSolution
		{9F78AAF7-27E3-4A1C-AFDA-8B2F3D19FCB2}.Debug|Any CPU.ActiveCfg = Debug|Any CPU
		{9F78AAF7-27E3-4A1C-AFDA-8B2F3D19FCB2}.Debug|Any CPU.Build.0 = Debug|Any CPU
		{9F78AAF7-27E3-4A1C-AFDA-8B2F3D19FCB2}.Release|Any CPU.ActiveCfg = Release|Any CPU
		{9F78AAF7-27E3-4A1C-AFDA-8B2F3D19FCB2}.Release|Any CPU.Build.0 = Release|Any CPU
	EndGlobalSection
	GlobalSection(SolutionProperties) = preSolution
		HideSolutionNode = FALSE
	EndGlobalSection
	GlobalSection(ExtensibilityGlobals) = postSolution
		SolutionGuid = {5859EE89-7C95-4FBA-BB57-D4482F70F45A}
	EndGlobalSection
EndGlobal
